// !$*UTF8*$!
{
	archiveVersion = 1;
	classes = {
	};
	objectVersion = 48;
	objects = {

/* Begin PBXBuildFile section */
		D8008A379DF8BB84FE8388F3 /* Pods_PandaTool.framework in Frameworks */ = {isa = PBXBuildFile; fileRef = 87C4C70C4E71791ABF61C19B /* Pods_PandaTool.framework */; };
		F461B09A2068848D009A012A /* AppDelegate.swift in Sources */ = {isa = PBXBuildFile; fileRef = F461B0992068848D009A012A /* AppDelegate.swift */; };
		F461B09C2068848D009A012A /* ViewController.swift in Sources */ = {isa = PBXBuildFile; fileRef = F461B09B2068848D009A012A /* ViewController.swift */; };
		F461B09F2068848D009A012A /* Main.storyboard in Resources */ = {isa = PBXBuildFile; fileRef = F461B09D2068848D009A012A /* Main.storyboard */; };
		F461B0A12068848D009A012A /* Assets.xcassets in Resources */ = {isa = PBXBuildFile; fileRef = F461B0A02068848D009A012A /* Assets.xcassets */; };
		F461B0A42068848D009A012A /* LaunchScreen.storyboard in Resources */ = {isa = PBXBuildFile; fileRef = F461B0A22068848D009A012A /* LaunchScreen.storyboard */; };
		F461B0AD206884C9009A012A /* ToolsViewController.swift in Sources */ = {isa = PBXBuildFile; fileRef = F461B0AC206884C9009A012A /* ToolsViewController.swift */; };
		F461B0AF2068893D009A012A /* AppDelegate+Ex.swift in Sources */ = {isa = PBXBuildFile; fileRef = F461B0AE2068893D009A012A /* AppDelegate+Ex.swift */; };
		F461B0B120689B10009A012A /* Tools.swift in Sources */ = {isa = PBXBuildFile; fileRef = F461B0B020689B10009A012A /* Tools.swift */; };
		F461B0B420689DA6009A012A /* main.m in Sources */ = {isa = PBXBuildFile; fileRef = F461B0B320689DA6009A012A /* main.m */; };
/* End PBXBuildFile section */

/* Begin PBXFileReference section */
		4BB740DC4B356125A706E908 /* Pods-PandaTool.debug.xcconfig */ = {isa = PBXFileReference; includeInIndex = 1; lastKnownFileType = text.xcconfig; name = "Pods-PandaTool.debug.xcconfig"; path = "Pods/Target Support Files/Pods-PandaTool/Pods-PandaTool.debug.xcconfig"; sourceTree = "<group>"; };
		87C4C70C4E71791ABF61C19B /* Pods_PandaTool.framework */ = {isa = PBXFileReference; explicitFileType = wrapper.framework; includeInIndex = 0; path = Pods_PandaTool.framework; sourceTree = BUILT_PRODUCTS_DIR; };
		D0C113D6D992B1295166EB7C /* Pods-PandaTool.release.xcconfig */ = {isa = PBXFileReference; includeInIndex = 1; lastKnownFileType = text.xcconfig; name = "Pods-PandaTool.release.xcconfig"; path = "Pods/Target Support Files/Pods-PandaTool/Pods-PandaTool.release.xcconfig"; sourceTree = "<group>"; };
		F461B0962068848D009A012A /* PandaTool.app */ = {isa = PBXFileReference; explicitFileType = wrapper.application; includeInIndex = 0; path = PandaTool.app; sourceTree = BUILT_PRODUCTS_DIR; };
		F461B0992068848D009A012A /* AppDelegate.swift */ = {isa = PBXFileReference; lastKnownFileType = sourcecode.swift; path = AppDelegate.swift; sourceTree = "<group>"; };
		F461B09B2068848D009A012A /* ViewController.swift */ = {isa = PBXFileReference; lastKnownFileType = sourcecode.swift; path = ViewController.swift; sourceTree = "<group>"; };
		F461B09E2068848D009A012A /* Base */ = {isa = PBXFileReference; lastKnownFileType = file.storyboard; name = Base; path = Base.lproj/Main.storyboard; sourceTree = "<group>"; };
		F461B0A02068848D009A012A /* Assets.xcassets */ = {isa = PBXFileReference; lastKnownFileType = folder.assetcatalog; path = Assets.xcassets; sourceTree = "<group>"; };
		F461B0A32068848D009A012A /* Base */ = {isa = PBXFileReference; lastKnownFileType = file.storyboard; name = Base; path = Base.lproj/LaunchScreen.storyboard; sourceTree = "<group>"; };
		F461B0A52068848D009A012A /* Info.plist */ = {isa = PBXFileReference; lastKnownFileType = text.plist.xml; path = Info.plist; sourceTree = "<group>"; };
		F461B0AC206884C9009A012A /* ToolsViewController.swift */ = {isa = PBXFileReference; lastKnownFileType = sourcecode.swift; path = ToolsViewController.swift; sourceTree = "<group>"; };
		F461B0AE2068893D009A012A /* AppDelegate+Ex.swift */ = {isa = PBXFileReference; lastKnownFileType = sourcecode.swift; path = "AppDelegate+Ex.swift"; sourceTree = "<group>"; };
		F461B0B020689B10009A012A /* Tools.swift */ = {isa = PBXFileReference; lastKnownFileType = sourcecode.swift; path = Tools.swift; sourceTree = "<group>"; };
		F461B0B220689DA6009A012A /* PandaTool-Bridging-Header.h */ = {isa = PBXFileReference; lastKnownFileType = sourcecode.c.h; path = "PandaTool-Bridging-Header.h"; sourceTree = "<group>"; };
		F461B0B320689DA6009A012A /* main.m */ = {isa = PBXFileReference; lastKnownFileType = sourcecode.c.objc; path = main.m; sourceTree = "<group>"; };
/* End PBXFileReference section */

/* Begin PBXFrameworksBuildPhase section */
		F461B0932068848D009A012A /* Frameworks */ = {
			isa = PBXFrameworksBuildPhase;
			buildActionMask = 2147483647;
			files = (
				D8008A379DF8BB84FE8388F3 /* Pods_PandaTool.framework in Frameworks */,
			);
			runOnlyForDeploymentPostprocessing = 0;
		};
/* End PBXFrameworksBuildPhase section */

/* Begin PBXGroup section */
		3D285FE15404ED5EAE48C196 /* Frameworks */ = {
			isa = PBXGroup;
			children = (
				87C4C70C4E71791ABF61C19B /* Pods_PandaTool.framework */,
			);
			name = Frameworks;
			sourceTree = "<group>";
		};
		95E4265F945FFFCAB48576DB /* Pods */ = {
			isa = PBXGroup;
			children = (
				4BB740DC4B356125A706E908 /* Pods-PandaTool.debug.xcconfig */,
				D0C113D6D992B1295166EB7C /* Pods-PandaTool.release.xcconfig */,
			);
			name = Pods;
			sourceTree = "<group>";
		};
		F461B08D2068848D009A012A = {
			isa = PBXGroup;
			children = (
				F461B0982068848D009A012A /* PandaTool */,
				F461B0972068848D009A012A /* Products */,
				95E4265F945FFFCAB48576DB /* Pods */,
				3D285FE15404ED5EAE48C196 /* Frameworks */,
			);
			sourceTree = "<group>";
		};
		F461B0972068848D009A012A /* Products */ = {
			isa = PBXGroup;
			children = (
				F461B0962068848D009A012A /* PandaTool.app */,
			);
			name = Products;
			sourceTree = "<group>";
		};
		F461B0982068848D009A012A /* PandaTool */ = {
			isa = PBXGroup;
			children = (
				F461B0AB20688496009A012A /* Tools */,
				F461B0992068848D009A012A /* AppDelegate.swift */,
				F461B09B2068848D009A012A /* ViewController.swift */,
				F461B09D2068848D009A012A /* Main.storyboard */,
				F461B0A02068848D009A012A /* Assets.xcassets */,
				F461B0A22068848D009A012A /* LaunchScreen.storyboard */,
				F461B0A52068848D009A012A /* Info.plist */,
				F461B0B320689DA6009A012A /* main.m */,
				F461B0B220689DA6009A012A /* PandaTool-Bridging-Header.h */,
			);
			path = PandaTool;
			sourceTree = "<group>";
		};
		F461B0AB20688496009A012A /* Tools */ = {
			isa = PBXGroup;
			children = (
				F461B0AC206884C9009A012A /* ToolsViewController.swift */,
				F461B0AE2068893D009A012A /* AppDelegate+Ex.swift */,
				F461B0B020689B10009A012A /* Tools.swift */,
			);
			path = Tools;
			sourceTree = "<group>";
		};
/* End PBXGroup section */

/* Begin PBXNativeTarget section */
		F461B0952068848D009A012A /* PandaTool */ = {
			isa = PBXNativeTarget;
			buildConfigurationList = F461B0A82068848D009A012A /* Build configuration list for PBXNativeTarget "PandaTool" */;
			buildPhases = (
				79D82455D9908201B846B515 /* [CP] Check Pods Manifest.lock */,
				F461B0922068848D009A012A /* Sources */,
				F461B0932068848D009A012A /* Frameworks */,
				F461B0942068848D009A012A /* Resources */,
				9262AFED33FB8D69DB265871 /* [CP] Embed Pods Frameworks */,
				760BB67A3CD46B870142E239 /* [CP] Copy Pods Resources */,
			);
			buildRules = (
			);
			dependencies = (
			);
			name = PandaTool;
			productName = PandaTool;
			productReference = F461B0962068848D009A012A /* PandaTool.app */;
			productType = "com.apple.product-type.application";
		};
/* End PBXNativeTarget section */

/* Begin PBXProject section */
		F461B08E2068848D009A012A /* Project object */ = {
			isa = PBXProject;
			attributes = {
				LastSwiftUpdateCheck = 0920;
				LastUpgradeCheck = 0920;
				ORGANIZATIONNAME = Tayoji;
				TargetAttributes = {
					F461B0952068848D009A012A = {
						CreatedOnToolsVersion = 9.2;
						LastSwiftMigration = 0920;
						ProvisioningStyle = Automatic;
					};
				};
			};
			buildConfigurationList = F461B0912068848D009A012A /* Build configuration list for PBXProject "PandaTool" */;
			compatibilityVersion = "Xcode 8.0";
			developmentRegion = en;
			hasScannedForEncodings = 0;
			knownRegions = (
				en,
				Base,
			);
			mainGroup = F461B08D2068848D009A012A;
			productRefGroup = F461B0972068848D009A012A /* Products */;
			projectDirPath = "";
			projectRoot = "";
			targets = (
				F461B0952068848D009A012A /* PandaTool */,
			);
		};
/* End PBXProject section */

/* Begin PBXResourcesBuildPhase section */
		F461B0942068848D009A012A /* Resources */ = {
			isa = PBXResourcesBuildPhase;
			buildActionMask = 2147483647;
			files = (
				F461B0A42068848D009A012A /* LaunchScreen.storyboard in Resources */,
				F461B0A12068848D009A012A /* Assets.xcassets in Resources */,
				F461B09F2068848D009A012A /* Main.storyboard in Resources */,
			);
			runOnlyForDeploymentPostprocessing = 0;
		};
/* End PBXResourcesBuildPhase section */

/* Begin PBXShellScriptBuildPhase section */
		760BB67A3CD46B870142E239 /* [CP] Copy Pods Resources */ = {
			isa = PBXShellScriptBuildPhase;
			buildActionMask = 2147483647;
			files = (
			);
			inputPaths = (
			);
			name = "[CP] Copy Pods Resources";
			outputPaths = (
			);
			runOnlyForDeploymentPostprocessing = 0;
			shellPath = /bin/sh;
			shellScript = "\"${SRCROOT}/Pods/Target Support Files/Pods-PandaTool/Pods-PandaTool-resources.sh\"\n";
			showEnvVarsInLog = 0;
		};
		79D82455D9908201B846B515 /* [CP] Check Pods Manifest.lock */ = {
			isa = PBXShellScriptBuildPhase;
			buildActionMask = 2147483647;
			files = (
			);
			inputPaths = (
				"${PODS_PODFILE_DIR_PATH}/Podfile.lock",
				"${PODS_ROOT}/Manifest.lock",
			);
			name = "[CP] Check Pods Manifest.lock";
			outputPaths = (
				"$(DERIVED_FILE_DIR)/Pods-PandaTool-checkManifestLockResult.txt",
			);
			runOnlyForDeploymentPostprocessing = 0;
			shellPath = /bin/sh;
			shellScript = "diff \"${PODS_PODFILE_DIR_PATH}/Podfile.lock\" \"${PODS_ROOT}/Manifest.lock\" > /dev/null\nif [ $? != 0 ] ; then\n    # print error to STDERR\n    echo \"error: The sandbox is not in sync with the Podfile.lock. Run 'pod install' or update your CocoaPods installation.\" >&2\n    exit 1\nfi\n# This output is used by Xcode 'outputs' to avoid re-running this script phase.\necho \"SUCCESS\" > \"${SCRIPT_OUTPUT_FILE_0}\"\n";
			showEnvVarsInLog = 0;
		};
		9262AFED33FB8D69DB265871 /* [CP] Embed Pods Frameworks */ = {
			isa = PBXShellScriptBuildPhase;
			buildActionMask = 2147483647;
			files = (
			);
			inputPaths = (
			);
			name = "[CP] Embed Pods Frameworks";
			outputPaths = (
			);
			runOnlyForDeploymentPostprocessing = 0;
			shellPath = /bin/sh;
			shellScript = "\"${SRCROOT}/Pods/Target Support Files/Pods-PandaTool/Pods-PandaTool-frameworks.sh\"\n";
			showEnvVarsInLog = 0;
		};
/* End PBXShellScriptBuildPhase section */

/* Begin PBXSourcesBuildPhase section */
		F461B0922068848D009A012A /* Sources */ = {
			isa = PBXSourcesBuildPhase;
			buildActionMask = 2147483647;
			files = (
				F461B0AD206884C9009A012A /* ToolsViewController.swift in Sources */,
				F461B09C2068848D009A012A /* ViewController.swift in Sources */,
				F461B09A2068848D009A012A /* AppDelegate.swift in Sources */,
				F461B0AF2068893D009A012A /* AppDelegate+Ex.swift in Sources */,
				F461B0B420689DA6009A012A /* main.m in Sources */,
				F461B0B120689B10009A012A /* Tools.swift in Sources */,
			);
			runOnlyForDeploymentPostprocessing = 0;
		};
/* End PBXSourcesBuildPhase section */

/* Begin PBXVariantGroup section */
		F461B09D2068848D009A012A /* Main.storyboard */ = {
			isa = PBXVariantGroup;
			children = (
				F461B09E2068848D009A012A /* Base */,
			);
			name = Main.storyboard;
			sourceTree = "<group>";
		};
		F461B0A22068848D009A012A /* LaunchScreen.storyboard */ = {
			isa = PBXVariantGroup;
			children = (
				F461B0A32068848D009A012A /* Base */,
			);
			name = LaunchScreen.storyboard;
			sourceTree = "<group>";
		};
/* End PBXVariantGroup section */

/* Begin XCBuildConfiguration section */
		F461B0A62068848D009A012A /* Debug */ = {
			isa = XCBuildConfiguration;
			buildSettings = {
				ALWAYS_SEARCH_USER_PATHS = NO;
				CLANG_ANALYZER_NONNULL = YES;
				CLANG_ANALYZER_NUMBER_OBJECT_CONVERSION = YES_AGGRESSIVE;
				CLANG_CXX_LANGUAGE_STANDARD = "gnu++14";
				CLANG_CXX_LIBRARY = "libc++";
				CLANG_ENABLE_MODULES = YES;
				CLANG_ENABLE_OBJC_ARC = YES;
				CLANG_WARN_BLOCK_CAPTURE_AUTORELEASING = YES;
				CLANG_WARN_BOOL_CONVERSION = YES;
				CLANG_WARN_COMMA = YES;
				CLANG_WARN_CONSTANT_CONVERSION = YES;
				CLANG_WARN_DIRECT_OBJC_ISA_USAGE = YES_ERROR;
				CLANG_WARN_DOCUMENTATION_COMMENTS = YES;
				CLANG_WARN_EMPTY_BODY = YES;
				CLANG_WARN_ENUM_CONVERSION = YES;
				CLANG_WARN_INFINITE_RECURSION = YES;
				CLANG_WARN_INT_CONVERSION = YES;
				CLANG_WARN_NON_LITERAL_NULL_CONVERSION = YES;
				CLANG_WARN_OBJC_LITERAL_CONVERSION = YES;
				CLANG_WARN_OBJC_ROOT_CLASS = YES_ERROR;
				CLANG_WARN_RANGE_LOOP_ANALYSIS = YES;
				CLANG_WARN_STRICT_PROTOTYPES = YES;
				CLANG_WARN_SUSPICIOUS_MOVE = YES;
				CLANG_WARN_UNGUARDED_AVAILABILITY = YES_AGGRESSIVE;
				CLANG_WARN_UNREACHABLE_CODE = YES;
				CLANG_WARN__DUPLICATE_METHOD_MATCH = YES;
				CODE_SIGN_IDENTITY = "iPhone Developer";
				COPY_PHASE_STRIP = NO;
				DEBUG_INFORMATION_FORMAT = dwarf;
				ENABLE_STRICT_OBJC_MSGSEND = YES;
				ENABLE_TESTABILITY = YES;
				GCC_C_LANGUAGE_STANDARD = gnu11;
				GCC_DYNAMIC_NO_PIC = NO;
				GCC_NO_COMMON_BLOCKS = YES;
				GCC_OPTIMIZATION_LEVEL = 0;
				GCC_PREPROCESSOR_DEFINITIONS = (
					"DEBUG=1",
					"$(inherited)",
				);
				GCC_WARN_64_TO_32_BIT_CONVERSION = YES;
				GCC_WARN_ABOUT_RETURN_TYPE = YES_ERROR;
				GCC_WARN_UNDECLARED_SELECTOR = YES;
				GCC_WARN_UNINITIALIZED_AUTOS = YES_AGGRESSIVE;
				GCC_WARN_UNUSED_FUNCTION = YES;
				GCC_WARN_UNUSED_VARIABLE = YES;
				IPHONEOS_DEPLOYMENT_TARGET = 11.2;
				MTL_ENABLE_DEBUG_INFO = YES;
				ONLY_ACTIVE_ARCH = YES;
				SDKROOT = iphoneos;
				SWIFT_ACTIVE_COMPILATION_CONDITIONS = DEBUG;
				SWIFT_OPTIMIZATION_LEVEL = "-Onone";
			};
			name = Debug;
		};
		F461B0A72068848D009A012A /* Release */ = {
			isa = XCBuildConfiguration;
			buildSettings = {
				ALWAYS_SEARCH_USER_PATHS = NO;
				CLANG_ANALYZER_NONNULL = YES;
				CLANG_ANALYZER_NUMBER_OBJECT_CONVERSION = YES_AGGRESSIVE;
				CLANG_CXX_LANGUAGE_STANDARD = "gnu++14";
				CLANG_CXX_LIBRARY = "libc++";
				CLANG_ENABLE_MODULES = YES;
				CLANG_ENABLE_OBJC_ARC = YES;
				CLANG_WARN_BLOCK_CAPTURE_AUTORELEASING = YES;
				CLANG_WARN_BOOL_CONVERSION = YES;
				CLANG_WARN_COMMA = YES;
				CLANG_WARN_CONSTANT_CONVERSION = YES;
				CLANG_WARN_DIRECT_OBJC_ISA_USAGE = YES_ERROR;
				CLANG_WARN_DOCUMENTATION_COMMENTS = YES;
				CLANG_WARN_EMPTY_BODY = YES;
				CLANG_WARN_ENUM_CONVERSION = YES;
				CLANG_WARN_INFINITE_RECURSION = YES;
				CLANG_WARN_INT_CONVERSION = YES;
				CLANG_WARN_NON_LITERAL_NULL_CONVERSION = YES;
				CLANG_WARN_OBJC_LITERAL_CONVERSION = YES;
				CLANG_WARN_OBJC_ROOT_CLASS = YES_ERROR;
				CLANG_WARN_RANGE_LOOP_ANALYSIS = YES;
				CLANG_WARN_STRICT_PROTOTYPES = YES;
				CLANG_WARN_SUSPICIOUS_MOVE = YES;
				CLANG_WARN_UNGUARDED_AVAILABILITY = YES_AGGRESSIVE;
				CLANG_WARN_UNREACHABLE_CODE = YES;
				CLANG_WARN__DUPLICATE_METHOD_MATCH = YES;
				CODE_SIGN_IDENTITY = "iPhone Developer";
				COPY_PHASE_STRIP = NO;
				DEBUG_INFORMATION_FORMAT = "dwarf-with-dsym";
				ENABLE_NS_ASSERTIONS = NO;
				ENABLE_STRICT_OBJC_MSGSEND = YES;
				GCC_C_LANGUAGE_STANDARD = gnu11;
				GCC_NO_COMMON_BLOCKS = YES;
				GCC_WARN_64_TO_32_BIT_CONVERSION = YES;
				GCC_WARN_ABOUT_RETURN_TYPE = YES_ERROR;
				GCC_WARN_UNDECLARED_SELECTOR = YES;
				GCC_WARN_UNINITIALIZED_AUTOS = YES_AGGRESSIVE;
				GCC_WARN_UNUSED_FUNCTION = YES;
				GCC_WARN_UNUSED_VARIABLE = YES;
				IPHONEOS_DEPLOYMENT_TARGET = 11.2;
				MTL_ENABLE_DEBUG_INFO = NO;
				SDKROOT = iphoneos;
				SWIFT_OPTIMIZATION_LEVEL = "-Owholemodule";
				VALIDATE_PRODUCT = YES;
			};
			name = Release;
		};
		F461B0A92068848D009A012A /* Debug */ = {
			isa = XCBuildConfiguration;
			baseConfigurationReference = 4BB740DC4B356125A706E908 /* Pods-PandaTool.debug.xcconfig */;
			buildSettings = {
				ASSETCATALOG_COMPILER_APPICON_NAME = AppIcon;
				CLANG_ENABLE_MODULES = YES;
				CODE_SIGN_STYLE = Automatic;
				DEVELOPMENT_TEAM = R3Z8A6LQ5R;
				INFOPLIST_FILE = PandaTool/Info.plist;
				IPHONEOS_DEPLOYMENT_TARGET = 8.0;
				LD_RUNPATH_SEARCH_PATHS = "$(inherited) @executable_path/Frameworks";
				PRODUCT_BUNDLE_IDENTIFIER = com.tayoji.PandaTool1;
				PRODUCT_NAME = "$(TARGET_NAME)";
				SWIFT_OBJC_BRIDGING_HEADER = "PandaTool/PandaTool-Bridging-Header.h";
				SWIFT_OPTIMIZATION_LEVEL = "-Onone";
				SWIFT_VERSION = 4.0;
				TARGETED_DEVICE_FAMILY = "1,2";
			};
			name = Debug;
		};
		F461B0AA2068848D009A012A /* Release */ = {
			isa = XCBuildConfiguration;
			baseConfigurationReference = D0C113D6D992B1295166EB7C /* Pods-PandaTool.release.xcconfig */;
			buildSettings = {
				ASSETCATALOG_COMPILER_APPICON_NAME = AppIcon;
				CLANG_ENABLE_MODULES = YES;
				CODE_SIGN_STYLE = Automatic;
				DEVELOPMENT_TEAM = R3Z8A6LQ5R;
				INFOPLIST_FILE = PandaTool/Info.plist;
				IPHONEOS_DEPLOYMENT_TARGET = 8.0;
				LD_RUNPATH_SEARCH_PATHS = "$(inherited) @executable_path/Frameworks";
				PRODUCT_BUNDLE_IDENTIFIER = com.tayoji.PandaTool1;
				PRODUCT_NAME = "$(TARGET_NAME)";
				SWIFT_OBJC_BRIDGING_HEADER = "PandaTool/PandaTool-Bridging-Header.h";
				SWIFT_VERSION = 4.0;
				TARGETED_DEVICE_FAMILY = "1,2";
			};
			name = Release;
		};
/* End XCBuildConfiguration section */

/* Begin XCConfigurationList section */
		F461B0912068848D009A012A /* Build configuration list for PBXProject "PandaTool" */ = {
			isa = XCConfigurationList;
			buildConfigurations = (
				F461B0A62068848D009A012A /* Debug */,
				F461B0A72068848D009A012A /* Release */,
			);
			defaultConfigurationIsVisible = 0;
			defaultConfigurationName = Release;
		};
		F461B0A82068848D009A012A /* Build configuration list for PBXNativeTarget "PandaTool" */ = {
			isa = XCConfigurationList;
			buildConfigurations = (
				F461B0A92068848D009A012A /* Debug */,
				F461B0AA2068848D009A012A /* Release */,
			);
			defaultConfigurationIsVisible = 0;
			defaultConfigurationName = Release;
		};
/* End XCConfigurationList section */
	};
	rootObject = F461B08E2068848D009A012A /* Project object */;
}
